
Microsoft Visual Studio Solution File, Format Version 12.00
# Visual Studio 15
VisualStudioVersion = 15.0.28010.2046
MinimumVisualStudioVersion = 10.0.40219.1
Project("{FAE04EC0-301F-11D3-BF4B-00C04F79EFBC}") = "ConsoleAppraveen", "ConsoleAppraveen\ConsoleAppraveen.csproj", "{33419501-3E47-4C2F-895B-FF45841DDBAF}"
EndProject
Global
	GlobalSection(SolutionConfigurationPlatforms) = preSolution
		Debug|Any CPU = Debug|Any CPU
		Release|Any CPU = Release|Any CPU
	EndGlobalSection
	GlobalSection(ProjectConfigurationPlatforms) = postSolution
		{33419501-3E47-4C2F-895B-FF45841DDBAF}.Debug|Any CPU.ActiveCfg = Debug|Any CPU
		{33419501-3E47-4C2F-895B-FF45841DDBAF}.Debug|Any CPU.Build.0 = Debug|Any CPU
		{33419501-3E47-4C2F-895B-FF45841DDBAF}.Release|Any CPU.ActiveCfg = Release|Any CPU
		{33419501-3E47-4C2F-895B-FF45841DDBAF}.Release|Any CPU.Build.0 = Release|Any CPU
	EndGlobalSection
	GlobalSection(SolutionProperties) = preSolution
		HideSolutionNode = FALSE
	EndGlobalSection
	GlobalSection(ExtensibilityGlobals) = postSolution
		SolutionGuid = {CCDCF099-2C37-46A2-991F-25537627942C}
	EndGlobalSection
EndGlobal
